// !$*UTF8*$!
{
	archiveVersion = 1;
	classes = {
	};
	objectVersion = 50;
	objects = {

/* Begin PBXBuildFile section */
		7436927A24401F230026A2FA /* Megan.mp3 in Resources */ = {isa = PBXBuildFile; fileRef = 7436927924401F230026A2FA /* Megan.mp3 */; };
		7436927C24401F290026A2FA /* Chance.mp3 in Resources */ = {isa = PBXBuildFile; fileRef = 7436927B24401F290026A2FA /* Chance.mp3 */; };
		7436927F24403E1D0026A2FA /* Afro b.mp3 in Resources */ = {isa = PBXBuildFile; fileRef = 7436927E24403E1D0026A2FA /* Afro b.mp3 */; };
		743692822441734B0026A2FA /* UIImage+Scaled.swift in Sources */ = {isa = PBXBuildFile; fileRef = 743692812441734B0026A2FA /* UIImage+Scaled.swift */; };
		74DDCD0A243EA55400763F19 /* AppDelegate.swift in Sources */ = {isa = PBXBuildFile; fileRef = 74DDCD09243EA55400763F19 /* AppDelegate.swift */; };
		74DDCD0C243EA55400763F19 /* SceneDelegate.swift in Sources */ = {isa = PBXBuildFile; fileRef = 74DDCD0B243EA55400763F19 /* SceneDelegate.swift */; };
		74DDCD0E243EA55400763F19 /* CustomColletcionViewController.swift in Sources */ = {isa = PBXBuildFile; fileRef = 74DDCD0D243EA55400763F19 /* CustomColletcionViewController.swift */; };
		74DDCD13243EA55800763F19 /* Assets.xcassets in Resources */ = {isa = PBXBuildFile; fileRef = 74DDCD12243EA55800763F19 /* Assets.xcassets */; };
		74DDCD16243EA55800763F19 /* LaunchScreen.storyboard in Resources */ = {isa = PBXBuildFile; fileRef = 74DDCD14243EA55800763F19 /* LaunchScreen.storyboard */; };
		74DDCD20243EA5F900763F19 /* CollectionViewCell.swift in Sources */ = {isa = PBXBuildFile; fileRef = 74DDCD1F243EA5F900763F19 /* CollectionViewCell.swift */; };
		74DDCD22243EA61A00763F19 /* BounceableView.swift in Sources */ = {isa = PBXBuildFile; fileRef = 74DDCD21243EA61A00763F19 /* BounceableView.swift */; };
		74DDCD25243EA6B900763F19 /* CartViewController.swift in Sources */ = {isa = PBXBuildFile; fileRef = 74DDCD24243EA6B900763F19 /* CartViewController.swift */; };
		74DDCD27243EA6D700763F19 /* ProductCell.swift in Sources */ = {isa = PBXBuildFile; fileRef = 74DDCD26243EA6D700763F19 /* ProductCell.swift */; };
		74DDCD29243EA6E800763F19 /* Product.swift in Sources */ = {isa = PBXBuildFile; fileRef = 74DDCD28243EA6E800763F19 /* Product.swift */; };
		74DDCD2B243EA6F600763F19 /* CartManager.swift in Sources */ = {isa = PBXBuildFile; fileRef = 74DDCD2A243EA6F600763F19 /* CartManager.swift */; };
		74DDCD2F243EA7FE00763F19 /* MediaPlayerController.swift in Sources */ = {isa = PBXBuildFile; fileRef = 74DDCD2E243EA7FD00763F19 /* MediaPlayerController.swift */; };
		74DDCD31243ECCD000763F19 /* BounceableOpacityView.swift in Sources */ = {isa = PBXBuildFile; fileRef = 74DDCD30243ECCD000763F19 /* BounceableOpacityView.swift */; };
		74DE9F00243EE36B009C9336 /* ActionButton.swift in Sources */ = {isa = PBXBuildFile; fileRef = 74DE9EFF243EE36B009C9336 /* ActionButton.swift */; };
/* End PBXBuildFile section */

/* Begin PBXFileReference section */
		7436927924401F230026A2FA /* Megan.mp3 */ = {isa = PBXFileReference; lastKnownFileType = audio.mp3; path = Megan.mp3; sourceTree = "<group>"; };
		7436927B24401F290026A2FA /* Chance.mp3 */ = {isa = PBXFileReference; lastKnownFileType = audio.mp3; path = Chance.mp3; sourceTree = "<group>"; };
		7436927E24403E1D0026A2FA /* Afro b.mp3 */ = {isa = PBXFileReference; lastKnownFileType = audio.mp3; name = "Afro b.mp3"; path = "PatternsPrac/Music/Afro b.mp3"; sourceTree = SOURCE_ROOT; };
		743692812441734B0026A2FA /* UIImage+Scaled.swift */ = {isa = PBXFileReference; lastKnownFileType = sourcecode.swift; path = "UIImage+Scaled.swift"; sourceTree = "<group>"; };
		74DDCD06243EA55400763F19 /* PatternsPrac.app */ = {isa = PBXFileReference; explicitFileType = wrapper.application; includeInIndex = 0; path = PatternsPrac.app; sourceTree = BUILT_PRODUCTS_DIR; };
		74DDCD09243EA55400763F19 /* AppDelegate.swift */ = {isa = PBXFileReference; lastKnownFileType = sourcecode.swift; path = AppDelegate.swift; sourceTree = "<group>"; };
		74DDCD0B243EA55400763F19 /* SceneDelegate.swift */ = {isa = PBXFileReference; lastKnownFileType = sourcecode.swift; path = SceneDelegate.swift; sourceTree = "<group>"; };
		74DDCD0D243EA55400763F19 /* CustomColletcionViewController.swift */ = {isa = PBXFileReference; lastKnownFileType = sourcecode.swift; path = CustomColletcionViewController.swift; sourceTree = "<group>"; };
		74DDCD12243EA55800763F19 /* Assets.xcassets */ = {isa = PBXFileReference; lastKnownFileType = folder.assetcatalog; path = Assets.xcassets; sourceTree = "<group>"; };
		74DDCD15243EA55800763F19 /* Base */ = {isa = PBXFileReference; lastKnownFileType = file.storyboard; name = Base; path = Base.lproj/LaunchScreen.storyboard; sourceTree = "<group>"; };
		74DDCD17243EA55800763F19 /* Info.plist */ = {isa = PBXFileReference; lastKnownFileType = text.plist.xml; path = Info.plist; sourceTree = "<group>"; };
		74DDCD1F243EA5F900763F19 /* CollectionViewCell.swift */ = {isa = PBXFileReference; lastKnownFileType = sourcecode.swift; path = CollectionViewCell.swift; sourceTree = "<group>"; };
		74DDCD21243EA61A00763F19 /* BounceableView.swift */ = {isa = PBXFileReference; lastKnownFileType = sourcecode.swift; path = BounceableView.swift; sourceTree = "<group>"; };
		74DDCD24243EA6B900763F19 /* CartViewController.swift */ = {isa = PBXFileReference; lastKnownFileType = sourcecode.swift; path = CartViewController.swift; sourceTree = "<group>"; };
		74DDCD26243EA6D700763F19 /* ProductCell.swift */ = {isa = PBXFileReference; lastKnownFileType = sourcecode.swift; path = ProductCell.swift; sourceTree = "<group>"; };
		74DDCD28243EA6E800763F19 /* Product.swift */ = {isa = PBXFileReference; lastKnownFileType = sourcecode.swift; path = Product.swift; sourceTree = "<group>"; };
		74DDCD2A243EA6F600763F19 /* CartManager.swift */ = {isa = PBXFileReference; lastKnownFileType = sourcecode.swift; path = CartManager.swift; sourceTree = "<group>"; };
		74DDCD2E243EA7FD00763F19 /* MediaPlayerController.swift */ = {isa = PBXFileReference; lastKnownFileType = sourcecode.swift; path = MediaPlayerController.swift; sourceTree = "<group>"; };
		74DDCD30243ECCD000763F19 /* BounceableOpacityView.swift */ = {isa = PBXFileReference; lastKnownFileType = sourcecode.swift; path = BounceableOpacityView.swift; sourceTree = "<group>"; };
		74DE9EFF243EE36B009C9336 /* ActionButton.swift */ = {isa = PBXFileReference; lastKnownFileType = sourcecode.swift; path = ActionButton.swift; sourceTree = "<group>"; };
/* End PBXFileReference section */

/* Begin PBXFrameworksBuildPhase section */
		74DDCD03243EA55400763F19 /* Frameworks */ = {
			isa = PBXFrameworksBuildPhase;
			buildActionMask = 2147483647;
			files = (
			);
			runOnlyForDeploymentPostprocessing = 0;
		};
/* End PBXFrameworksBuildPhase section */

/* Begin PBXGroup section */
		7436927D24401F300026A2FA /* Music */ = {
			isa = PBXGroup;
			children = (
				7436927924401F230026A2FA /* Megan.mp3 */,
				7436927E24403E1D0026A2FA /* Afro b.mp3 */,
				7436927B24401F290026A2FA /* Chance.mp3 */,
			);
			path = Music;
			sourceTree = "<group>";
		};
		743692802441730B0026A2FA /* Extensions */ = {
			isa = PBXGroup;
			children = (
				743692812441734B0026A2FA /* UIImage+Scaled.swift */,
			);
			path = Extensions;
			sourceTree = "<group>";
		};
		74DDCCFD243EA55400763F19 = {
			isa = PBXGroup;
			children = (
				74DDCD08243EA55400763F19 /* PatternsPrac */,
				74DDCD07243EA55400763F19 /* Products */,
			);
			sourceTree = "<group>";
		};
		74DDCD07243EA55400763F19 /* Products */ = {
			isa = PBXGroup;
			children = (
				74DDCD06243EA55400763F19 /* PatternsPrac.app */,
			);
			name = Products;
			sourceTree = "<group>";
		};
		74DDCD08243EA55400763F19 /* PatternsPrac */ = {
			isa = PBXGroup;
			children = (
				74DDCD1D243EA5A500763F19 /* Delegates */,
				74DDCD1E243EA5C000763F19 /* CustomCollection+Builder */,
				74DDCD23243EA68F00763F19 /* ShoppingCart+Observer */,
				74DDCD2C243EA72800763F19 /* MediaPlayer+Command */,
				743692802441730B0026A2FA /* Extensions */,
				7436927D24401F300026A2FA /* Music */,
				74DDCD12243EA55800763F19 /* Assets.xcassets */,
				74DDCD14243EA55800763F19 /* LaunchScreen.storyboard */,
				74DDCD17243EA55800763F19 /* Info.plist */,
			);
			path = PatternsPrac;
			sourceTree = "<group>";
		};
		74DDCD1D243EA5A500763F19 /* Delegates */ = {
			isa = PBXGroup;
			children = (
				74DDCD09243EA55400763F19 /* AppDelegate.swift */,
				74DDCD0B243EA55400763F19 /* SceneDelegate.swift */,
			);
			path = Delegates;
			sourceTree = "<group>";
		};
		74DDCD1E243EA5C000763F19 /* CustomCollection+Builder */ = {
			isa = PBXGroup;
			children = (
				74DDCD0D243EA55400763F19 /* CustomColletcionViewController.swift */,
				74DDCD1F243EA5F900763F19 /* CollectionViewCell.swift */,
				74DDCD21243EA61A00763F19 /* BounceableView.swift */,
			);
			path = "CustomCollection+Builder";
			sourceTree = "<group>";
		};
		74DDCD23243EA68F00763F19 /* ShoppingCart+Observer */ = {
			isa = PBXGroup;
			children = (
				74DDCD24243EA6B900763F19 /* CartViewController.swift */,
				74DDCD26243EA6D700763F19 /* ProductCell.swift */,
				74DDCD28243EA6E800763F19 /* Product.swift */,
				74DDCD2A243EA6F600763F19 /* CartManager.swift */,
			);
			path = "ShoppingCart+Observer";
			sourceTree = "<group>";
		};
		74DDCD2C243EA72800763F19 /* MediaPlayer+Command */ = {
			isa = PBXGroup;
			children = (
				74DDCD2E243EA7FD00763F19 /* MediaPlayerController.swift */,
				74DDCD30243ECCD000763F19 /* BounceableOpacityView.swift */,
				74DE9EFF243EE36B009C9336 /* ActionButton.swift */,
			);
			path = "MediaPlayer+Command";
			sourceTree = "<group>";
		};
/* End PBXGroup section */

/* Begin PBXNativeTarget section */
		74DDCD05243EA55400763F19 /* PatternsPrac */ = {
			isa = PBXNativeTarget;
			buildConfigurationList = 74DDCD1A243EA55800763F19 /* Build configuration list for PBXNativeTarget "PatternsPrac" */;
			buildPhases = (
				74DDCD02243EA55400763F19 /* Sources */,
				74DDCD03243EA55400763F19 /* Frameworks */,
				74DDCD04243EA55400763F19 /* Resources */,
			);
			buildRules = (
			);
			dependencies = (
			);
			name = PatternsPrac;
			productName = PatternsPrac;
			productReference = 74DDCD06243EA55400763F19 /* PatternsPrac.app */;
			productType = "com.apple.product-type.application";
		};
/* End PBXNativeTarget section */

/* Begin PBXProject section */
		74DDCCFE243EA55400763F19 /* Project object */ = {
			isa = PBXProject;
			attributes = {
				LastSwiftUpdateCheck = 1130;
				LastUpgradeCheck = 1130;
				ORGANIZATIONNAME = "Maximo Hinojosa";
				TargetAttributes = {
					74DDCD05243EA55400763F19 = {
						CreatedOnToolsVersion = 11.3.1;
					};
				};
			};
			buildConfigurationList = 74DDCD01243EA55400763F19 /* Build configuration list for PBXProject "PatternsPrac" */;
			compatibilityVersion = "Xcode 9.3";
			developmentRegion = en;
			hasScannedForEncodings = 0;
			knownRegions = (
				en,
				Base,
			);
			mainGroup = 74DDCCFD243EA55400763F19;
			productRefGroup = 74DDCD07243EA55400763F19 /* Products */;
			projectDirPath = "";
			projectRoot = "";
			targets = (
				74DDCD05243EA55400763F19 /* PatternsPrac */,
			);
		};
/* End PBXProject section */

/* Begin PBXResourcesBuildPhase section */
		74DDCD04243EA55400763F19 /* Resources */ = {
			isa = PBXResourcesBuildPhase;
			buildActionMask = 2147483647;
			files = (
				7436927F24403E1D0026A2FA /* Afro b.mp3 in Resources */,
				74DDCD16243EA55800763F19 /* LaunchScreen.storyboard in Resources */,
				7436927C24401F290026A2FA /* Chance.mp3 in Resources */,
				7436927A24401F230026A2FA /* Megan.mp3 in Resources */,
				74DDCD13243EA55800763F19 /* Assets.xcassets in Resources */,
			);
			runOnlyForDeploymentPostprocessing = 0;
		};
/* End PBXResourcesBuildPhase section */

/* Begin PBXSourcesBuildPhase section */
		74DDCD02243EA55400763F19 /* Sources */ = {
			isa = PBXSourcesBuildPhase;
			buildActionMask = 2147483647;
			files = (
				743692822441734B0026A2FA /* UIImage+Scaled.swift in Sources */,
				74DDCD0E243EA55400763F19 /* CustomColletcionViewController.swift in Sources */,
				74DDCD2B243EA6F600763F19 /* CartManager.swift in Sources */,
				74DDCD29243EA6E800763F19 /* Product.swift in Sources */,
				74DDCD2F243EA7FE00763F19 /* MediaPlayerController.swift in Sources */,
				74DDCD22243EA61A00763F19 /* BounceableView.swift in Sources */,
				74DDCD0A243EA55400763F19 /* AppDelegate.swift in Sources */,
				74DDCD31243ECCD000763F19 /* BounceableOpacityView.swift in Sources */,
				74DDCD20243EA5F900763F19 /* CollectionViewCell.swift in Sources */,
				74DDCD25243EA6B900763F19 /* CartViewController.swift in Sources */,
				74DDCD27243EA6D700763F19 /* ProductCell.swift in Sources */,
				74DDCD0C243EA55400763F19 /* SceneDelegate.swift in Sources */,
				74DE9F00243EE36B009C9336 /* ActionButton.swift in Sources */,
			);
			runOnlyForDeploymentPostprocessing = 0;
		};
/* End PBXSourcesBuildPhase section */

/* Begin PBXVariantGroup section */
		74DDCD14243EA55800763F19 /* LaunchScreen.storyboard */ = {
			isa = PBXVariantGroup;
			children = (
				74DDCD15243EA55800763F19 /* Base */,
			);
			name = LaunchScreen.storyboard;
			sourceTree = "<group>";
		};
/* End PBXVariantGroup section */

/* Begin XCBuildConfiguration section */
		74DDCD18243EA55800763F19 /* Debug */ = {
			isa = XCBuildConfiguration;
			buildSettings = {
				ALWAYS_SEARCH_USER_PATHS = NO;
				CLANG_ANALYZER_NONNULL = YES;
				CLANG_ANALYZER_NUMBER_OBJECT_CONVERSION = YES_AGGRESSIVE;
				CLANG_CXX_LANGUAGE_STANDARD = "gnu++14";
				CLANG_CXX_LIBRARY = "libc++";
				CLANG_ENABLE_MODULES = YES;
				CLANG_ENABLE_OBJC_ARC = YES;
				CLANG_ENABLE_OBJC_WEAK = YES;
				CLANG_WARN_BLOCK_CAPTURE_AUTORELEASING = YES;
				CLANG_WARN_BOOL_CONVERSION = YES;
				CLANG_WARN_COMMA = YES;
				CLANG_WARN_CONSTANT_CONVERSION = YES;
				CLANG_WARN_DEPRECATED_OBJC_IMPLEMENTATIONS = YES;
				CLANG_WARN_DIRECT_OBJC_ISA_USAGE = YES_ERROR;
				CLANG_WARN_DOCUMENTATION_COMMENTS = YES;
				CLANG_WARN_EMPTY_BODY = YES;
				CLANG_WARN_ENUM_CONVERSION = YES;
				CLANG_WARN_INFINITE_RECURSION = YES;
				CLANG_WARN_INT_CONVERSION = YES;
				CLANG_WARN_NON_LITERAL_NULL_CONVERSION = YES;
				CLANG_WARN_OBJC_IMPLICIT_RETAIN_SELF = YES;
				CLANG_WARN_OBJC_LITERAL_CONVERSION = YES;
				CLANG_WARN_OBJC_ROOT_CLASS = YES_ERROR;
				CLANG_WARN_RANGE_LOOP_ANALYSIS = YES;
				CLANG_WARN_STRICT_PROTOTYPES = YES;
				CLANG_WARN_SUSPICIOUS_MOVE = YES;
				CLANG_WARN_UNGUARDED_AVAILABILITY = YES_AGGRESSIVE;
				CLANG_WARN_UNREACHABLE_CODE = YES;
				CLANG_WARN__DUPLICATE_METHOD_MATCH = YES;
				COPY_PHASE_STRIP = NO;
				DEBUG_INFORMATION_FORMAT = dwarf;
				ENABLE_STRICT_OBJC_MSGSEND = YES;
				ENABLE_TESTABILITY = YES;
				GCC_C_LANGUAGE_STANDARD = gnu11;
				GCC_DYNAMIC_NO_PIC = NO;
				GCC_NO_COMMON_BLOCKS = YES;
				GCC_OPTIMIZATION_LEVEL = 0;
				GCC_PREPROCESSOR_DEFINITIONS = (
					"DEBUG=1",
					"$(inherited)",
				);
				GCC_WARN_64_TO_32_BIT_CONVERSION = YES;
				GCC_WARN_ABOUT_RETURN_TYPE = YES_ERROR;
				GCC_WARN_UNDECLARED_SELECTOR = YES;
				GCC_WARN_UNINITIALIZED_AUTOS = YES_AGGRESSIVE;
				GCC_WARN_UNUSED_FUNCTION = YES;
				GCC_WARN_UNUSED_VARIABLE = YES;
				IPHONEOS_DEPLOYMENT_TARGET = 13.2;
				MTL_ENABLE_DEBUG_INFO = INCLUDE_SOURCE;
				MTL_FAST_MATH = YES;
				ONLY_ACTIVE_ARCH = YES;
				SDKROOT = iphoneos;
				SWIFT_ACTIVE_COMPILATION_CONDITIONS = DEBUG;
				SWIFT_OPTIMIZATION_LEVEL = "-Onone";
			};
			name = Debug;
		};
		74DDCD19243EA55800763F19 /* Release */ = {
			isa = XCBuildConfiguration;
			buildSettings = {
				ALWAYS_SEARCH_USER_PATHS = NO;
				CLANG_ANALYZER_NONNULL = YES;
				CLANG_ANALYZER_NUMBER_OBJECT_CONVERSION = YES_AGGRESSIVE;
				CLANG_CXX_LANGUAGE_STANDARD = "gnu++14";
				CLANG_CXX_LIBRARY = "libc++";
				CLANG_ENABLE_MODULES = YES;
				CLANG_ENABLE_OBJC_ARC = YES;
				CLANG_ENABLE_OBJC_WEAK = YES;
				CLANG_WARN_BLOCK_CAPTURE_AUTORELEASING = YES;
				CLANG_WARN_BOOL_CONVERSION = YES;
				CLANG_WARN_COMMA = YES;
				CLANG_WARN_CONSTANT_CONVERSION = YES;
				CLANG_WARN_DEPRECATED_OBJC_IMPLEMENTATIONS = YES;
				CLANG_WARN_DIRECT_OBJC_ISA_USAGE = YES_ERROR;
				CLANG_WARN_DOCUMENTATION_COMMENTS = YES;
				CLANG_WARN_EMPTY_BODY = YES;
				CLANG_WARN_ENUM_CONVERSION = YES;
				CLANG_WARN_INFINITE_RECURSION = YES;
				CLANG_WARN_INT_CONVERSION = YES;
				CLANG_WARN_NON_LITERAL_NULL_CONVERSION = YES;
				CLANG_WARN_OBJC_IMPLICIT_RETAIN_SELF = YES;
				CLANG_WARN_OBJC_LITERAL_CONVERSION = YES;
				CLANG_WARN_OBJC_ROOT_CLASS = YES_ERROR;
				CLANG_WARN_RANGE_LOOP_ANALYSIS = YES;
				CLANG_WARN_STRICT_PROTOTYPES = YES;
				CLANG_WARN_SUSPICIOUS_MOVE = YES;
				CLANG_WARN_UNGUARDED_AVAILABILITY = YES_AGGRESSIVE;
				CLANG_WARN_UNREACHABLE_CODE = YES;
				CLANG_WARN__DUPLICATE_METHOD_MATCH = YES;
				COPY_PHASE_STRIP = NO;
				DEBUG_INFORMATION_FORMAT = "dwarf-with-dsym";
				ENABLE_NS_ASSERTIONS = NO;
				ENABLE_STRICT_OBJC_MSGSEND = YES;
				GCC_C_LANGUAGE_STANDARD = gnu11;
				GCC_NO_COMMON_BLOCKS = YES;
				GCC_WARN_64_TO_32_BIT_CONVERSION = YES;
				GCC_WARN_ABOUT_RETURN_TYPE = YES_ERROR;
				GCC_WARN_UNDECLARED_SELECTOR = YES;
				GCC_WARN_UNINITIALIZED_AUTOS = YES_AGGRESSIVE;
				GCC_WARN_UNUSED_FUNCTION = YES;
				GCC_WARN_UNUSED_VARIABLE = YES;
				IPHONEOS_DEPLOYMENT_TARGET = 13.2;
				MTL_ENABLE_DEBUG_INFO = NO;
				MTL_FAST_MATH = YES;
				SDKROOT = iphoneos;
				SWIFT_COMPILATION_MODE = wholemodule;
				SWIFT_OPTIMIZATION_LEVEL = "-O";
				VALIDATE_PRODUCT = YES;
			};
			name = Release;
		};
		74DDCD1B243EA55800763F19 /* Debug */ = {
			isa = XCBuildConfiguration;
			buildSettings = {
				ASSETCATALOG_COMPILER_APPICON_NAME = AppIcon;
				CODE_SIGN_STYLE = Automatic;
				DEVELOPMENT_TEAM = 2D25YZNJAC;
				INFOPLIST_FILE = PatternsPrac/Info.plist;
				LD_RUNPATH_SEARCH_PATHS = (
					"$(inherited)",
					"@executable_path/Frameworks",
				);
				PRODUCT_BUNDLE_IDENTIFIER = Max.PatternsPrac;
				PRODUCT_NAME = "$(TARGET_NAME)";
				SWIFT_VERSION = 5.0;
				TARGETED_DEVICE_FAMILY = "1,2";
			};
			name = Debug;
		};
		74DDCD1C243EA55800763F19 /* Release */ = {
			isa = XCBuildConfiguration;
			buildSettings = {
				ASSETCATALOG_COMPILER_APPICON_NAME = AppIcon;
				CODE_SIGN_STYLE = Automatic;
				DEVELOPMENT_TEAM = 2D25YZNJAC;
				INFOPLIST_FILE = PatternsPrac/Info.plist;
				LD_RUNPATH_SEARCH_PATHS = (
					"$(inherited)",
					"@executable_path/Frameworks",
				);
				PRODUCT_BUNDLE_IDENTIFIER = Max.PatternsPrac;
				PRODUCT_NAME = "$(TARGET_NAME)";
				SWIFT_VERSION = 5.0;
				TARGETED_DEVICE_FAMILY = "1,2";
			};
			name = Release;
		};
/* End XCBuildConfiguration section */

/* Begin XCConfigurationList section */
		74DDCD01243EA55400763F19 /* Build configuration list for PBXProject "PatternsPrac" */ = {
			isa = XCConfigurationList;
			buildConfigurations = (
				74DDCD18243EA55800763F19 /* Debug */,
				74DDCD19243EA55800763F19 /* Release */,
			);
			defaultConfigurationIsVisible = 0;
			defaultConfigurationName = Release;
		};
		74DDCD1A243EA55800763F19 /* Build configuration list for PBXNativeTarget "PatternsPrac" */ = {
			isa = XCConfigurationList;
			buildConfigurations = (
				74DDCD1B243EA55800763F19 /* Debug */,
				74DDCD1C243EA55800763F19 /* Release */,
			);
			defaultConfigurationIsVisible = 0;
			defaultConfigurationName = Release;
		};
/* End XCConfigurationList section */
	};
	rootObject = 74DDCCFE243EA55400763F19 /* Project object */;
}
